
Microsoft Visual Studio Solution File, Format Version 12.00
# Visual Studio Version 16
VisualStudioVersion = 16.0.31205.134
MinimumVisualStudioVersion = 10.0.40219.1
Project("{FAE04EC0-301F-11D3-BF4B-00C04F79EFBC}") = "Laboratul1_remaster'", "Laboratul1_remaster'\Laboratul1_remaster'.csproj", "{EF67302C-CF26-48EC-B36F-516F98E517E3}"
EndProject
Global
	GlobalSection(SolutionConfigurationPlatforms) = preSolution
		Debug|Any CPU = Debug|Any CPU
		Release|Any CPU = Release|Any CPU
	EndGlobalSection
	GlobalSection(ProjectConfigurationPlatforms) = postSolution
		{EF67302C-CF26-48EC-B36F-516F98E517E3}.Debug|Any CPU.ActiveCfg = Debug|Any CPU
		{EF67302C-CF26-48EC-B36F-516F98E517E3}.Debug|Any CPU.Build.0 = Debug|Any CPU
		{EF67302C-CF26-48EC-B36F-516F98E517E3}.Release|Any CPU.ActiveCfg = Release|Any CPU
		{EF67302C-CF26-48EC-B36F-516F98E517E3}.Release|Any CPU.Build.0 = Release|Any CPU
	EndGlobalSection
	GlobalSection(SolutionProperties) = preSolution
		HideSolutionNode = FALSE
	EndGlobalSection
	GlobalSection(ExtensibilityGlobals) = postSolution
		SolutionGuid = {73E1A67F-0F4D-4328-93DC-A2765E27077D}
	EndGlobalSection
EndGlobal
